
Microsoft Visual Studio Solution File, Format Version 12.00
# Visual Studio Version 16
VisualStudioVersion = 16.0.31702.278
MinimumVisualStudioVersion = 10.0.40219.1
Project("{FAE04EC0-301F-11D3-BF4B-00C04F79EFBC}") = "PerfectHeightMapDownload", "PerfectHeightMapDownload\PerfectHeightMapDownload.csproj", "{D0275A6F-56A2-45CB-BC43-57A912F184AA}"
EndProject
Global
	GlobalSection(SolutionConfigurationPlatforms) = preSolution
		Debug|Any CPU = Debug|Any CPU
		Release|Any CPU = Release|Any CPU
	EndGlobalSection
	GlobalSection(ProjectConfigurationPlatforms) = postSolution
		{D0275A6F-56A2-45CB-BC43-57A912F184AA}.Debug|Any CPU.ActiveCfg = Debug|Any CPU
		{D0275A6F-56A2-45CB-BC43-57A912F184AA}.Debug|Any CPU.Build.0 = Debug|Any CPU
		{D0275A6F-56A2-45CB-BC43-57A912F184AA}.Release|Any CPU.ActiveCfg = Release|Any CPU
		{D0275A6F-56A2-45CB-BC43-57A912F184AA}.Release|Any CPU.Build.0 = Release|Any CPU
	EndGlobalSection
	GlobalSection(SolutionProperties) = preSolution
		HideSolutionNode = FALSE
	EndGlobalSection
	GlobalSection(ExtensibilityGlobals) = postSolution
		SolutionGuid = {0048EE7C-4D5B-430D-963D-91D54751F20A}
	EndGlobalSection
EndGlobal
